
Microsoft Visual Studio Solution File, Format Version 12.00
# Visual Studio 16
Project("{FAE04EC0-301F-11D3-BF4B-00C04F79EFBC}") = "Assembly-CSharp", "Assembly-CSharp.csproj", "{A0569272-9E83-474D-0278-5662BB873378}"
EndProject
Project("{FAE04EC0-301F-11D3-BF4B-00C04F79EFBC}") = "Assembly-CSharp-Editor", "Assembly-CSharp-Editor.csproj", "{C413399B-C269-7624-6E89-C83B10101793}"
EndProject
Global
	GlobalSection(SolutionConfigurationPlatforms) = preSolution
		Debug|Any CPU = Debug|Any CPU
		Release|Any CPU = Release|Any CPU
	EndGlobalSection
	GlobalSection(ProjectConfigurationPlatforms) = postSolution
		{A0569272-9E83-474D-0278-5662BB873378}.Debug|Any CPU.ActiveCfg = Debug|Any CPU
		{A0569272-9E83-474D-0278-5662BB873378}.Debug|Any CPU.Build.0 = Debug|Any CPU
		{A0569272-9E83-474D-0278-5662BB873378}.Release|Any CPU.ActiveCfg = Release|Any CPU
		{A0569272-9E83-474D-0278-5662BB873378}.Release|Any CPU.Build.0 = Release|Any CPU
		{C413399B-C269-7624-6E89-C83B10101793}.Debug|Any CPU.ActiveCfg = Debug|Any CPU
		{C413399B-C269-7624-6E89-C83B10101793}.Debug|Any CPU.Build.0 = Debug|Any CPU
		{C413399B-C269-7624-6E89-C83B10101793}.Release|Any CPU.ActiveCfg = Release|Any CPU
		{C413399B-C269-7624-6E89-C83B10101793}.Release|Any CPU.Build.0 = Release|Any CPU
	EndGlobalSection
	GlobalSection(SolutionProperties) = preSolution
		HideSolutionNode = FALSE
	EndGlobalSection
EndGlobal
